// !$*UTF8*$!
{
	archiveVersion = 1;
	classes = {
	};
	objectVersion = 77;
	objects = {

/* Begin PBXBuildFile section */
		EE97FDA32EBD1F7D00DC7D11 /* AddPizzaView.swift in Sources */ = {isa = PBXBuildFile; fileRef = EE97FDA22EBD1F7D00DC7D11 /* AddPizzaView.swift */; };
/* End PBXBuildFile section */

/* Begin PBXContainerItemProxy section */
		EE97FD742EBBB03700DC7D11 /* PBXContainerItemProxy */ = {
			isa = PBXContainerItemProxy;
			containerPortal = EE97FD5E2EBBB03600DC7D11 /* Project object */;
			proxyType = 1;
			remoteGlobalIDString = EE97FD652EBBB03600DC7D11;
			remoteInfo = UrbanSlice;
		};
		EE97FD7E2EBBB03700DC7D11 /* PBXContainerItemProxy */ = {
			isa = PBXContainerItemProxy;
			containerPortal = EE97FD5E2EBBB03600DC7D11 /* Project object */;
			proxyType = 1;
			remoteGlobalIDString = EE97FD652EBBB03600DC7D11;
			remoteInfo = UrbanSlice;
		};
/* End PBXContainerItemProxy section */

/* Begin PBXFileReference section */
		EE97FD662EBBB03600DC7D11 /* UrbanSlice.app */ = {isa = PBXFileReference; explicitFileType = wrapper.application; includeInIndex = 0; path = UrbanSlice.app; sourceTree = BUILT_PRODUCTS_DIR; };
		EE97FD732EBBB03700DC7D11 /* UrbanSliceTests.xctest */ = {isa = PBXFileReference; explicitFileType = wrapper.cfbundle; includeInIndex = 0; path = UrbanSliceTests.xctest; sourceTree = BUILT_PRODUCTS_DIR; };
		EE97FD7D2EBBB03700DC7D11 /* UrbanSliceUITests.xctest */ = {isa = PBXFileReference; explicitFileType = wrapper.cfbundle; includeInIndex = 0; path = UrbanSliceUITests.xctest; sourceTree = BUILT_PRODUCTS_DIR; };
		EE97FDA22EBD1F7D00DC7D11 /* AddPizzaView.swift */ = {isa = PBXFileReference; lastKnownFileType = sourcecode.swift; path = AddPizzaView.swift; sourceTree = "<group>"; };
/* End PBXFileReference section */

/* Begin PBXFileSystemSynchronizedRootGroup section */
		EE97FD682EBBB03600DC7D11 /* UrbanSlice */ = {
			isa = PBXFileSystemSynchronizedRootGroup;
			path = UrbanSlice;
			sourceTree = "<group>";
		};
		EE97FD762EBBB03700DC7D11 /* UrbanSliceTests */ = {
			isa = PBXFileSystemSynchronizedRootGroup;
			path = UrbanSliceTests;
			sourceTree = "<group>";
		};
		EE97FD802EBBB03700DC7D11 /* UrbanSliceUITests */ = {
			isa = PBXFileSystemSynchronizedRootGroup;
			path = UrbanSliceUITests;
			sourceTree = "<group>";
		};
/* End PBXFileSystemSynchronizedRootGroup section */

/* Begin PBXFrameworksBuildPhase section */
		EE97FD632EBBB03600DC7D11 /* Frameworks */ = {
			isa = PBXFrameworksBuildPhase;
			buildActionMask = 2147483647;
			files = (
			);
			runOnlyForDeploymentPostprocessing = 0;
		};
		EE97FD702EBBB03700DC7D11 /* Frameworks */ = {
			isa = PBXFrameworksBuildPhase;
			buildActionMask = 2147483647;
			files = (
			);
			runOnlyForDeploymentPostprocessing = 0;
		};
		EE97FD7A2EBBB03700DC7D11 /* Frameworks */ = {
			isa = PBXFrameworksBuildPhase;
			buildActionMask = 2147483647;
			files = (
			);
			runOnlyForDeploymentPostprocessing = 0;
		};
/* End PBXFrameworksBuildPhase section */

/* Begin PBXGroup section */
		EE97FD5D2EBBB03600DC7D11 = {
			isa = PBXGroup;
			children = (
				EE97FDA22EBD1F7D00DC7D11 /* AddPizzaView.swift */,
				EE97FD682EBBB03600DC7D11 /* UrbanSlice */,
				EE97FD762EBBB03700DC7D11 /* UrbanSliceTests */,
				EE97FD802EBBB03700DC7D11 /* UrbanSliceUITests */,
				EE97FD672EBBB03600DC7D11 /* Products */,
			);
			sourceTree = "<group>";
		};
		EE97FD672EBBB03600DC7D11 /* Products */ = {
			isa = PBXGroup;
			children = (
				EE97FD662EBBB03600DC7D11 /* UrbanSlice.app */,
				EE97FD732EBBB03700DC7D11 /* UrbanSliceTests.xctest */,
				EE97FD7D2EBBB03700DC7D11 /* UrbanSliceUITests.xctest */,
			);
			name = Products;
			sourceTree = "<group>";
		};
/* End PBXGroup section */

/* Begin PBXNativeTarget section */
		EE97FD652EBBB03600DC7D11 /* UrbanSlice */ = {
			isa = PBXNativeTarget;
			buildConfigurationList = EE97FD872EBBB03700DC7D11 /* Build configuration list for PBXNativeTarget "UrbanSlice" */;
			buildPhases = (
				EE97FD622EBBB03600DC7D11 /* Sources */,
				EE97FD632EBBB03600DC7D11 /* Frameworks */,
				EE97FD642EBBB03600DC7D11 /* Resources */,
			);
			buildRules = (
			);
			dependencies = (
			);
			fileSystemSynchronizedGroups = (
				EE97FD682EBBB03600DC7D11 /* UrbanSlice */,
			);
			name = UrbanSlice;
			packageProductDependencies = (
			);
			productName = UrbanSlice;
			productReference = EE97FD662EBBB03600DC7D11 /* UrbanSlice.app */;
			productType = "com.apple.product-type.application";
		};
		EE97FD722EBBB03700DC7D11 /* UrbanSliceTests */ = {
			isa = PBXNativeTarget;
			buildConfigurationList = EE97FD8A2EBBB03700DC7D11 /* Build configuration list for PBXNativeTarget "UrbanSliceTests" */;
			buildPhases = (
				EE97FD6F2EBBB03700DC7D11 /* Sources */,
				EE97FD702EBBB03700DC7D11 /* Frameworks */,
				EE97FD712EBBB03700DC7D11 /* Resources */,
			);
			buildRules = (
			);
			dependencies = (
				EE97FD752EBBB03700DC7D11 /* PBXTargetDependency */,
			);
			fileSystemSynchronizedGroups = (
				EE97FD762EBBB03700DC7D11 /* UrbanSliceTests */,
			);
			name = UrbanSliceTests;
			packageProductDependencies = (
			);
			productName = UrbanSliceTests;
			productReference = EE97FD732EBBB03700DC7D11 /* UrbanSliceTests.xctest */;
			productType = "com.apple.product-type.bundle.unit-test";
		};
		EE97FD7C2EBBB03700DC7D11 /* UrbanSliceUITests */ = {
			isa = PBXNativeTarget;
			buildConfigurationList = EE97FD8D2EBBB03700DC7D11 /* Build configuration list for PBXNativeTarget "UrbanSliceUITests" */;
			buildPhases = (
				EE97FD792EBBB03700DC7D11 /* Sources */,
				EE97FD7A2EBBB03700DC7D11 /* Frameworks */,
				EE97FD7B2EBBB03700DC7D11 /* Resources */,
			);
			buildRules = (
			);
			dependencies = (
				EE97FD7F2EBBB03700DC7D11 /* PBXTargetDependency */,
			);
			fileSystemSynchronizedGroups = (
				EE97FD802EBBB03700DC7D11 /* UrbanSliceUITests */,
			);
			name = UrbanSliceUITests;
			packageProductDependencies = (
			);
			productName = UrbanSliceUITests;
			productReference = EE97FD7D2EBBB03700DC7D11 /* UrbanSliceUITests.xctest */;
			productType = "com.apple.product-type.bundle.ui-testing";
		};
/* End PBXNativeTarget section */

/* Begin PBXProject section */
		EE97FD5E2EBBB03600DC7D11 /* Project object */ = {
			isa = PBXProject;
			attributes = {
				BuildIndependentTargetsInParallel = 1;
				LastSwiftUpdateCheck = 2600;
				LastUpgradeCheck = 2620;
				TargetAttributes = {
					EE97FD652EBBB03600DC7D11 = {
						CreatedOnToolsVersion = 26.0.1;
					};
					EE97FD722EBBB03700DC7D11 = {
						CreatedOnToolsVersion = 26.0.1;
						TestTargetID = EE97FD652EBBB03600DC7D11;
					};
					EE97FD7C2EBBB03700DC7D11 = {
						CreatedOnToolsVersion = 26.0.1;
						TestTargetID = EE97FD652EBBB03600DC7D11;
					};
				};
			};
			buildConfigurationList = EE97FD612EBBB03600DC7D11 /* Build configuration list for PBXProject "UrbanSlice" */;
			developmentRegion = en;
			hasScannedForEncodings = 0;
			knownRegions = (
				en,
				Base,
			);
			mainGroup = EE97FD5D2EBBB03600DC7D11;
			minimizedProjectReferenceProxies = 1;
			preferredProjectObjectVersion = 77;
			productRefGroup = EE97FD672EBBB03600DC7D11 /* Products */;
			projectDirPath = "";
			projectRoot = "";
			targets = (
				EE97FD652EBBB03600DC7D11 /* UrbanSlice */,
				EE97FD722EBBB03700DC7D11 /* UrbanSliceTests */,
				EE97FD7C2EBBB03700DC7D11 /* UrbanSliceUITests */,
			);
		};
/* End PBXProject section */

/* Begin PBXResourcesBuildPhase section */
		EE97FD642EBBB03600DC7D11 /* Resources */ = {
			isa = PBXResourcesBuildPhase;
			buildActionMask = 2147483647;
			files = (
			);
			runOnlyForDeploymentPostprocessing = 0;
		};
		EE97FD712EBBB03700DC7D11 /* Resources */ = {
			isa = PBXResourcesBuildPhase;
			buildActionMask = 2147483647;
			files = (
			);
			runOnlyForDeploymentPostprocessing = 0;
		};
		EE97FD7B2EBBB03700DC7D11 /* Resources */ = {
			isa = PBXResourcesBuildPhase;
			buildActionMask = 2147483647;
			files = (
			);
			runOnlyForDeploymentPostprocessing = 0;
		};
/* End PBXResourcesBuildPhase section */

/* Begin PBXSourcesBuildPhase section */
		EE97FD622EBBB03600DC7D11 /* Sources */ = {
			isa = PBXSourcesBuildPhase;
			buildActionMask = 2147483647;
			files = (
				EE97FDA32EBD1F7D00DC7D11 /* AddPizzaView.swift in Sources */,
			);
			runOnlyForDeploymentPostprocessing = 0;
		};
		EE97FD6F2EBBB03700DC7D11 /* Sources */ = {
			isa = PBXSourcesBuildPhase;
			buildActionMask = 2147483647;
			files = (
			);
			runOnlyForDeploymentPostprocessing = 0;
		};
		EE97FD792EBBB03700DC7D11 /* Sources */ = {
			isa = PBXSourcesBuildPhase;
			buildActionMask = 2147483647;
			files = (
			);
			runOnlyForDeploymentPostprocessing = 0;
		};
/* End PBXSourcesBuildPhase section */

/* Begin PBXTargetDependency section */
		EE97FD752EBBB03700DC7D11 /* PBXTargetDependency */ = {
			isa = PBXTargetDependency;
			target = EE97FD652EBBB03600DC7D11 /* UrbanSlice */;
			targetProxy = EE97FD742EBBB03700DC7D11 /* PBXContainerItemProxy */;
		};
		EE97FD7F2EBBB03700DC7D11 /* PBXTargetDependency */ = {
			isa = PBXTargetDependency;
			target = EE97FD652EBBB03600DC7D11 /* UrbanSlice */;
			targetProxy = EE97FD7E2EBBB03700DC7D11 /* PBXContainerItemProxy */;
		};
/* End PBXTargetDependency section */

/* Begin XCBuildConfiguration section */
		EE97FD852EBBB03700DC7D11 /* Debug */ = {
			isa = XCBuildConfiguration;
			buildSettings = {
				ALWAYS_SEARCH_USER_PATHS = NO;
				ASSETCATALOG_COMPILER_GENERATE_SWIFT_ASSET_SYMBOL_EXTENSIONS = YES;
				CLANG_ANALYZER_NONNULL = YES;
				CLANG_ANALYZER_NUMBER_OBJECT_CONVERSION = YES_AGGRESSIVE;
				CLANG_CXX_LANGUAGE_STANDARD = "gnu++20";
				CLANG_ENABLE_MODULES = YES;
				CLANG_ENABLE_OBJC_ARC = YES;
				CLANG_ENABLE_OBJC_WEAK = YES;
				CLANG_WARN_BLOCK_CAPTURE_AUTORELEASING = YES;
				CLANG_WARN_BOOL_CONVERSION = YES;
				CLANG_WARN_COMMA = YES;
				CLANG_WARN_CONSTANT_CONVERSION = YES;
				CLANG_WARN_DEPRECATED_OBJC_IMPLEMENTATIONS = YES;
				CLANG_WARN_DIRECT_OBJC_ISA_USAGE = YES_ERROR;
				CLANG_WARN_DOCUMENTATION_COMMENTS = YES;
				CLANG_WARN_EMPTY_BODY = YES;
				CLANG_WARN_ENUM_CONVERSION = YES;
				CLANG_WARN_INFINITE_RECURSION = YES;
				CLANG_WARN_INT_CONVERSION = YES;
				CLANG_WARN_NON_LITERAL_NULL_CONVERSION = YES;
				CLANG_WARN_OBJC_IMPLICIT_RETAIN_SELF = YES;
				CLANG_WARN_OBJC_LITERAL_CONVERSION = YES;
				CLANG_WARN_OBJC_ROOT_CLASS = YES_ERROR;
				CLANG_WARN_QUOTED_INCLUDE_IN_FRAMEWORK_HEADER = YES;
				CLANG_WARN_RANGE_LOOP_ANALYSIS = YES;
				CLANG_WARN_STRICT_PROTOTYPES = YES;
				CLANG_WARN_SUSPICIOUS_MOVE = YES;
				CLANG_WARN_UNGUARDED_AVAILABILITY = YES_AGGRESSIVE;
				CLANG_WARN_UNREACHABLE_CODE = YES;
				CLANG_WARN__DUPLICATE_METHOD_MATCH = YES;
				COPY_PHASE_STRIP = NO;
				DEBUG_INFORMATION_FORMAT = dwarf;
				ENABLE_STRICT_OBJC_MSGSEND = YES;
				ENABLE_TESTABILITY = YES;
				ENABLE_USER_SCRIPT_SANDBOXING = YES;
				GCC_C_LANGUAGE_STANDARD = gnu17;
				GCC_DYNAMIC_NO_PIC = NO;
				GCC_NO_COMMON_BLOCKS = YES;
				GCC_OPTIMIZATION_LEVEL = 0;
				GCC_PREPROCESSOR_DEFINITIONS = (
					"DEBUG=1",
					"$(inherited)",
				);
				GCC_WARN_64_TO_32_BIT_CONVERSION = YES;
				GCC_WARN_ABOUT_RETURN_TYPE = YES_ERROR;
				GCC_WARN_UNDECLARED_SELECTOR = YES;
				GCC_WARN_UNINITIALIZED_AUTOS = YES_AGGRESSIVE;
				GCC_WARN_UNUSED_FUNCTION = YES;
				GCC_WARN_UNUSED_VARIABLE = YES;
				IPHONEOS_DEPLOYMENT_TARGET = 26.0;
				LOCALIZATION_PREFERS_STRING_CATALOGS = YES;
				MTL_ENABLE_DEBUG_INFO = INCLUDE_SOURCE;
				MTL_FAST_MATH = YES;
				ONLY_ACTIVE_ARCH = YES;
				SDKROOT = iphoneos;
				STRING_CATALOG_GENERATE_SYMBOLS = YES;
				SWIFT_ACTIVE_COMPILATION_CONDITIONS = "DEBUG $(inherited)";
				SWIFT_OPTIMIZATION_LEVEL = "-Onone";
			};
			name = Debug;
		};
		EE97FD862EBBB03700DC7D11 /* Release */ = {
			isa = XCBuildConfiguration;
			buildSettings = {
				ALWAYS_SEARCH_USER_PATHS = NO;
				ASSETCATALOG_COMPILER_GENERATE_SWIFT_ASSET_SYMBOL_EXTENSIONS = YES;
				CLANG_ANALYZER_NONNULL = YES;
				CLANG_ANALYZER_NUMBER_OBJECT_CONVERSION = YES_AGGRESSIVE;
				CLANG_CXX_LANGUAGE_STANDARD = "gnu++20";
				CLANG_ENABLE_MODULES = YES;
				CLANG_ENABLE_OBJC_ARC = YES;
				CLANG_ENABLE_OBJC_WEAK = YES;
				CLANG_WARN_BLOCK_CAPTURE_AUTORELEASING = YES;
				CLANG_WARN_BOOL_CONVERSION = YES;
				CLANG_WARN_COMMA = YES;
				CLANG_WARN_CONSTANT_CONVERSION = YES;
				CLANG_WARN_DEPRECATED_OBJC_IMPLEMENTATIONS = YES;
				CLANG_WARN_DIRECT_OBJC_ISA_USAGE = YES_ERROR;
				CLANG_WARN_DOCUMENTATION_COMMENTS = YES;
				CLANG_WARN_EMPTY_BODY = YES;
				CLANG_WARN_ENUM_CONVERSION = YES;
				CLANG_WARN_INFINITE_RECURSION = YES;
				CLANG_WARN_INT_CONVERSION = YES;
				CLANG_WARN_NON_LITERAL_NULL_CONVERSION = YES;
				CLANG_WARN_OBJC_IMPLICIT_RETAIN_SELF = YES;
				CLANG_WARN_OBJC_LITERAL_CONVERSION = YES;
				CLANG_WARN_OBJC_ROOT_CLASS = YES_ERROR;
				CLANG_WARN_QUOTED_INCLUDE_IN_FRAMEWORK_HEADER = YES;
				CLANG_WARN_RANGE_LOOP_ANALYSIS = YES;
				CLANG_WARN_STRICT_PROTOTYPES = YES;
				CLANG_WARN_SUSPICIOUS_MOVE = YES;
				CLANG_WARN_UNGUARDED_AVAILABILITY = YES_AGGRESSIVE;
				CLANG_WARN_UNREACHABLE_CODE = YES;
				CLANG_WARN__DUPLICATE_METHOD_MATCH = YES;
				COPY_PHASE_STRIP = NO;
				DEBUG_INFORMATION_FORMAT = "dwarf-with-dsym";
				ENABLE_NS_ASSERTIONS = NO;
				ENABLE_STRICT_OBJC_MSGSEND = YES;
				ENABLE_USER_SCRIPT_SANDBOXING = YES;
				GCC_C_LANGUAGE_STANDARD = gnu17;
				GCC_NO_COMMON_BLOCKS = YES;
				GCC_WARN_64_TO_32_BIT_CONVERSION = YES;
				GCC_WARN_ABOUT_RETURN_TYPE = YES_ERROR;
				GCC_WARN_UNDECLARED_SELECTOR = YES;
				GCC_WARN_UNINITIALIZED_AUTOS = YES_AGGRESSIVE;
				GCC_WARN_UNUSED_FUNCTION = YES;
				GCC_WARN_UNUSED_VARIABLE = YES;
				IPHONEOS_DEPLOYMENT_TARGET = 26.0;
				LOCALIZATION_PREFERS_STRING_CATALOGS = YES;
				MTL_ENABLE_DEBUG_INFO = NO;
				MTL_FAST_MATH = YES;
				SDKROOT = iphoneos;
				STRING_CATALOG_GENERATE_SYMBOLS = YES;
				SWIFT_COMPILATION_MODE = wholemodule;
				VALIDATE_PRODUCT = YES;
			};
			name = Release;
		};
		EE97FD882EBBB03700DC7D11 /* Debug */ = {
			isa = XCBuildConfiguration;
			buildSettings = {
				ASSETCATALOG_COMPILER_APPICON_NAME = AppIcon;
				ASSETCATALOG_COMPILER_GLOBAL_ACCENT_COLOR_NAME = AccentColor;
				CODE_SIGN_IDENTITY = "Apple Development";
				CODE_SIGN_STYLE = Automatic;
				CURRENT_PROJECT_VERSION = 1;
				DEVELOPMENT_TEAM = 4AHMRB9P75;
				ENABLE_PREVIEWS = YES;
				GENERATE_INFOPLIST_FILE = YES;
				INFOPLIST_KEY_CFBundleDisplayName = UrbanSliceApp;
				INFOPLIST_KEY_UIApplicationSceneManifest_Generation = YES;
				INFOPLIST_KEY_UIApplicationSupportsIndirectInputEvents = YES;
				INFOPLIST_KEY_UILaunchScreen_Generation = YES;
				INFOPLIST_KEY_UISupportedInterfaceOrientations_iPad = "UIInterfaceOrientationPortrait UIInterfaceOrientationPortraitUpsideDown UIInterfaceOrientationLandscapeLeft UIInterfaceOrientationLandscapeRight";
				INFOPLIST_KEY_UISupportedInterfaceOrientations_iPhone = "UIInterfaceOrientationPortrait UIInterfaceOrientationLandscapeLeft UIInterfaceOrientationLandscapeRight";
				IPHONEOS_DEPLOYMENT_TARGET = 18.6;
				LD_RUNPATH_SEARCH_PATHS = (
					"$(inherited)",
					"@executable_path/Frameworks",
				);
				MARKETING_VERSION = 1.0;
				PRODUCT_BUNDLE_IDENTIFIER = me.sapra.yashh.UrbanSliceed12964;
				PRODUCT_NAME = "$(TARGET_NAME)";
				PROVISIONING_PROFILE_SPECIFIER = "";
				STRING_CATALOG_GENERATE_SYMBOLS = YES;
				SWIFT_APPROACHABLE_CONCURRENCY = YES;
				SWIFT_DEFAULT_ACTOR_ISOLATION = MainActor;
				SWIFT_EMIT_LOC_STRINGS = YES;
				SWIFT_UPCOMING_FEATURE_MEMBER_IMPORT_VISIBILITY = YES;
				SWIFT_VERSION = 5.0;
				TARGETED_DEVICE_FAMILY = "1,2";
			};
			name = Debug;
		};
		EE97FD892EBBB03700DC7D11 /* Release */ = {
			isa = XCBuildConfiguration;
			buildSettings = {
				ASSETCATALOG_COMPILER_APPICON_NAME = AppIcon;
				ASSETCATALOG_COMPILER_GLOBAL_ACCENT_COLOR_NAME = AccentColor;
				CODE_SIGN_IDENTITY = "Apple Development";
				CODE_SIGN_STYLE = Automatic;
				CURRENT_PROJECT_VERSION = 1;
				DEVELOPMENT_TEAM = 4AHMRB9P75;
				ENABLE_PREVIEWS = YES;
				GENERATE_INFOPLIST_FILE = YES;
				INFOPLIST_KEY_CFBundleDisplayName = UrbanSliceApp;
				INFOPLIST_KEY_UIApplicationSceneManifest_Generation = YES;
				INFOPLIST_KEY_UIApplicationSupportsIndirectInputEvents = YES;
				INFOPLIST_KEY_UILaunchScreen_Generation = YES;
				INFOPLIST_KEY_UISupportedInterfaceOrientations_iPad = "UIInterfaceOrientationPortrait UIInterfaceOrientationPortraitUpsideDown UIInterfaceOrientationLandscapeLeft UIInterfaceOrientationLandscapeRight";
				INFOPLIST_KEY_UISupportedInterfaceOrientations_iPhone = "UIInterfaceOrientationPortrait UIInterfaceOrientationLandscapeLeft UIInterfaceOrientationLandscapeRight";
				IPHONEOS_DEPLOYMENT_TARGET = 18.6;
				LD_RUNPATH_SEARCH_PATHS = (
					"$(inherited)",
					"@executable_path/Frameworks",
				);
				MARKETING_VERSION = 1.0;
				PRODUCT_BUNDLE_IDENTIFIER = me.sapra.yashh.UrbanSliceed12964;
				PRODUCT_NAME = "$(TARGET_NAME)";
				PROVISIONING_PROFILE_SPECIFIER = "";
				STRING_CATALOG_GENERATE_SYMBOLS = YES;
				SWIFT_APPROACHABLE_CONCURRENCY = YES;
				SWIFT_DEFAULT_ACTOR_ISOLATION = MainActor;
				SWIFT_EMIT_LOC_STRINGS = YES;
				SWIFT_UPCOMING_FEATURE_MEMBER_IMPORT_VISIBILITY = YES;
				SWIFT_VERSION = 5.0;
				TARGETED_DEVICE_FAMILY = "1,2";
			};
			name = Release;
		};
		EE97FD8B2EBBB03700DC7D11 /* Debug */ = {
			isa = XCBuildConfiguration;
			buildSettings = {
				BUNDLE_LOADER = "$(TEST_HOST)";
				CODE_SIGN_STYLE = Automatic;
				CURRENT_PROJECT_VERSION = 1;
				GENERATE_INFOPLIST_FILE = YES;
				IPHONEOS_DEPLOYMENT_TARGET = 26.0;
				MARKETING_VERSION = 1.0;
				PRODUCT_BUNDLE_IDENTIFIER = me.sapra.yashh.UrbanSliceTests;
				PRODUCT_NAME = "$(TARGET_NAME)";
				STRING_CATALOG_GENERATE_SYMBOLS = NO;
				SWIFT_APPROACHABLE_CONCURRENCY = YES;
				SWIFT_EMIT_LOC_STRINGS = NO;
				SWIFT_UPCOMING_FEATURE_MEMBER_IMPORT_VISIBILITY = YES;
				SWIFT_VERSION = 5.0;
				TARGETED_DEVICE_FAMILY = "1,2";
				TEST_HOST = "$(BUILT_PRODUCTS_DIR)/UrbanSlice.app/$(BUNDLE_EXECUTABLE_FOLDER_PATH)/UrbanSlice";
			};
			name = Debug;
		};
		EE97FD8C2EBBB03700DC7D11 /* Release */ = {
			isa = XCBuildConfiguration;
			buildSettings = {
				BUNDLE_LOADER = "$(TEST_HOST)";
				CODE_SIGN_STYLE = Automatic;
				CURRENT_PROJECT_VERSION = 1;
				GENERATE_INFOPLIST_FILE = YES;
				IPHONEOS_DEPLOYMENT_TARGET = 26.0;
				MARKETING_VERSION = 1.0;
				PRODUCT_BUNDLE_IDENTIFIER = me.sapra.yashh.UrbanSliceTests;
				PRODUCT_NAME = "$(TARGET_NAME)";
				STRING_CATALOG_GENERATE_SYMBOLS = NO;
				SWIFT_APPROACHABLE_CONCURRENCY = YES;
				SWIFT_EMIT_LOC_STRINGS = NO;
				SWIFT_UPCOMING_FEATURE_MEMBER_IMPORT_VISIBILITY = YES;
				SWIFT_VERSION = 5.0;
				TARGETED_DEVICE_FAMILY = "1,2";
				TEST_HOST = "$(BUILT_PRODUCTS_DIR)/UrbanSlice.app/$(BUNDLE_EXECUTABLE_FOLDER_PATH)/UrbanSlice";
			};
			name = Release;
		};
		EE97FD8E2EBBB03700DC7D11 /* Debug */ = {
			isa = XCBuildConfiguration;
			buildSettings = {
				CODE_SIGN_STYLE = Automatic;
				CURRENT_PROJECT_VERSION = 1;
				GENERATE_INFOPLIST_FILE = YES;
				MARKETING_VERSION = 1.0;
				PRODUCT_BUNDLE_IDENTIFIER = me.sapra.yashh.UrbanSliceUITests;
				PRODUCT_NAME = "$(TARGET_NAME)";
				STRING_CATALOG_GENERATE_SYMBOLS = NO;
				SWIFT_APPROACHABLE_CONCURRENCY = YES;
				SWIFT_EMIT_LOC_STRINGS = NO;
				SWIFT_UPCOMING_FEATURE_MEMBER_IMPORT_VISIBILITY = YES;
				SWIFT_VERSION = 5.0;
				TARGETED_DEVICE_FAMILY = "1,2";
				TEST_TARGET_NAME = UrbanSlice;
			};
			name = Debug;
		};
		EE97FD8F2EBBB03700DC7D11 /* Release */ = {
			isa = XCBuildConfiguration;
			buildSettings = {
				CODE_SIGN_STYLE = Automatic;
				CURRENT_PROJECT_VERSION = 1;
				GENERATE_INFOPLIST_FILE = YES;
				MARKETING_VERSION = 1.0;
				PRODUCT_BUNDLE_IDENTIFIER = me.sapra.yashh.UrbanSliceUITests;
				PRODUCT_NAME = "$(TARGET_NAME)";
				STRING_CATALOG_GENERATE_SYMBOLS = NO;
				SWIFT_APPROACHABLE_CONCURRENCY = YES;
				SWIFT_EMIT_LOC_STRINGS = NO;
				SWIFT_UPCOMING_FEATURE_MEMBER_IMPORT_VISIBILITY = YES;
				SWIFT_VERSION = 5.0;
				TARGETED_DEVICE_FAMILY = "1,2";
				TEST_TARGET_NAME = UrbanSlice;
			};
			name = Release;
		};
/* End XCBuildConfiguration section */

/* Begin XCConfigurationList section */
		EE97FD612EBBB03600DC7D11 /* Build configuration list for PBXProject "UrbanSlice" */ = {
			isa = XCConfigurationList;
			buildConfigurations = (
				EE97FD852EBBB03700DC7D11 /* Debug */,
				EE97FD862EBBB03700DC7D11 /* Release */,
			);
			defaultConfigurationIsVisible = 0;
			defaultConfigurationName = Release;
		};
		EE97FD872EBBB03700DC7D11 /* Build configuration list for PBXNativeTarget "UrbanSlice" */ = {
			isa = XCConfigurationList;
			buildConfigurations = (
				EE97FD882EBBB03700DC7D11 /* Debug */,
				EE97FD892EBBB03700DC7D11 /* Release */,
			);
			defaultConfigurationIsVisible = 0;
			defaultConfigurationName = Release;
		};
		EE97FD8A2EBBB03700DC7D11 /* Build configuration list for PBXNativeTarget "UrbanSliceTests" */ = {
			isa = XCConfigurationList;
			buildConfigurations = (
				EE97FD8B2EBBB03700DC7D11 /* Debug */,
				EE97FD8C2EBBB03700DC7D11 /* Release */,
			);
			defaultConfigurationIsVisible = 0;
			defaultConfigurationName = Release;
		};
		EE97FD8D2EBBB03700DC7D11 /* Build configuration list for PBXNativeTarget "UrbanSliceUITests" */ = {
			isa = XCConfigurationList;
			buildConfigurations = (
				EE97FD8E2EBBB03700DC7D11 /* Debug */,
				EE97FD8F2EBBB03700DC7D11 /* Release */,
			);
			defaultConfigurationIsVisible = 0;
			defaultConfigurationName = Release;
		};
/* End XCConfigurationList section */
	};
	rootObject = EE97FD5E2EBBB03600DC7D11 /* Project object */;
}
